
Microsoft Visual Studio Solution File, Format Version 12.00
# Visual Studio Version 17
VisualStudioVersion = 17.9.34622.214
MinimumVisualStudioVersion = 10.0.40219.1
Project("{9A19103F-16F7-4668-BE54-9A1E7A4F7556}") = "Indasoft.TestTask.Zhoglo.GoodsbatchAPI", "Indasoft.TestTask.Zhoglo.GoodsbatchAPI\Indasoft.TestTask.Zhoglo.GoodsbatchAPI.csproj", "{3E50BF1E-1559-45C0-932B-171EFB8D2690}"
EndProject
Project("{9A19103F-16F7-4668-BE54-9A1E7A4F7556}") = "Indasoft.TestTask.Zhoglo.GoodsbatchAPI.Data", "Indasoft.TestTask.Zhoglo.GoodsbatchAPI.Data\Indasoft.TestTask.Zhoglo.GoodsbatchAPI.Data.csproj", "{AF785055-7854-4876-83A6-F26A9C2EC8F0}"
EndProject
Project("{FAE04EC0-301F-11D3-BF4B-00C04F79EFBC}") = "Indasoft.Zhoglo.TestTask.GoodsbatchAPI.Repository", "Indasoft.Zhoglo.TestTask.GoodsbatchAPI.Repository\Indasoft.Zhoglo.TestTask.GoodsbatchAPI.Repository.csproj", "{D202E33A-B1F6-49B4-A3F8-5CE343612E41}"
EndProject
Global
	GlobalSection(SolutionConfigurationPlatforms) = preSolution
		Debug|Any CPU = Debug|Any CPU
		Release|Any CPU = Release|Any CPU
	EndGlobalSection
	GlobalSection(ProjectConfigurationPlatforms) = postSolution
		{3E50BF1E-1559-45C0-932B-171EFB8D2690}.Debug|Any CPU.ActiveCfg = Debug|Any CPU
		{3E50BF1E-1559-45C0-932B-171EFB8D2690}.Debug|Any CPU.Build.0 = Debug|Any CPU
		{3E50BF1E-1559-45C0-932B-171EFB8D2690}.Release|Any CPU.ActiveCfg = Release|Any CPU
		{3E50BF1E-1559-45C0-932B-171EFB8D2690}.Release|Any CPU.Build.0 = Release|Any CPU
		{AF785055-7854-4876-83A6-F26A9C2EC8F0}.Debug|Any CPU.ActiveCfg = Debug|Any CPU
		{AF785055-7854-4876-83A6-F26A9C2EC8F0}.Debug|Any CPU.Build.0 = Debug|Any CPU
		{AF785055-7854-4876-83A6-F26A9C2EC8F0}.Release|Any CPU.ActiveCfg = Release|Any CPU
		{AF785055-7854-4876-83A6-F26A9C2EC8F0}.Release|Any CPU.Build.0 = Release|Any CPU
		{D202E33A-B1F6-49B4-A3F8-5CE343612E41}.Debug|Any CPU.ActiveCfg = Debug|Any CPU
		{D202E33A-B1F6-49B4-A3F8-5CE343612E41}.Debug|Any CPU.Build.0 = Debug|Any CPU
		{D202E33A-B1F6-49B4-A3F8-5CE343612E41}.Release|Any CPU.ActiveCfg = Release|Any CPU
		{D202E33A-B1F6-49B4-A3F8-5CE343612E41}.Release|Any CPU.Build.0 = Release|Any CPU
	EndGlobalSection
	GlobalSection(SolutionProperties) = preSolution
		HideSolutionNode = FALSE
	EndGlobalSection
	GlobalSection(ExtensibilityGlobals) = postSolution
		SolutionGuid = {EDABF1D3-F2A2-4AD6-B16E-10F13BE4E25F}
	EndGlobalSection
EndGlobal
